// !$*UTF8*$!
{
	archiveVersion = 1;
	classes = {
	};
	objectVersion = 77;
	objects = {

/* Begin PBXBuildFile section */
		8768A77B2EF1D04B00795808 /* main.cpp in Sources */ = {isa = PBXBuildFile; fileRef = 8768A7792EF1D04B00795808 /* main.cpp */; };
		8768A77E2EF1D05B00795808 /* libgeneral.0.dylib in Frameworks */ = {isa = PBXBuildFile; fileRef = 8768A77D2EF1D05B00795808 /* libgeneral.0.dylib */; };
		8768A77F2EF1D05B00795808 /* libgeneral.0.dylib in Embed Libraries */ = {isa = PBXBuildFile; fileRef = 8768A77D2EF1D05B00795808 /* libgeneral.0.dylib */; settings = {ATTRIBUTES = (CodeSignOnCopy, ); }; };
		8768A7832EF1D17E00795808 /* OrbisFSImage.cpp in Sources */ = {isa = PBXBuildFile; fileRef = 8768A7822EF1D17E00795808 /* OrbisFSImage.cpp */; };
		8768A7872EF3160900795808 /* OrbisFSBlockAllocator.cpp in Sources */ = {isa = PBXBuildFile; fileRef = 8768A7862EF3160900795808 /* OrbisFSBlockAllocator.cpp */; };
		8768A78A2EF3216600795808 /* OrbisFSInodeDirectory.cpp in Sources */ = {isa = PBXBuildFile; fileRef = 8768A7892EF3216600795808 /* OrbisFSInodeDirectory.cpp */; };
		8768A78D2EF3222300795808 /* utils.cpp in Sources */ = {isa = PBXBuildFile; fileRef = 8768A78C2EF3222300795808 /* utils.cpp */; };
		8768A7902EF3E9F400795808 /* OrbisFSException.cpp in Sources */ = {isa = PBXBuildFile; fileRef = 8768A78F2EF3E9F400795808 /* OrbisFSException.cpp */; };
/* End PBXBuildFile section */

/* Begin PBXCopyFilesBuildPhase section */
		8768A76D2EF1D04400795808 /* CopyFiles */ = {
			isa = PBXCopyFilesBuildPhase;
			buildActionMask = 2147483647;
			dstPath = /usr/share/man/man1/;
			dstSubfolderSpec = 0;
			files = (
			);
			runOnlyForDeploymentPostprocessing = 1;
		};
		8768A7802EF1D05B00795808 /* Embed Libraries */ = {
			isa = PBXCopyFilesBuildPhase;
			buildActionMask = 2147483647;
			dstPath = "";
			dstSubfolderSpec = 10;
			files = (
				8768A77F2EF1D05B00795808 /* libgeneral.0.dylib in Embed Libraries */,
			);
			name = "Embed Libraries";
			runOnlyForDeploymentPostprocessing = 0;
		};
/* End PBXCopyFilesBuildPhase section */

/* Begin PBXFileReference section */
		8768A76F2EF1D04400795808 /* orbisFSTool */ = {isa = PBXFileReference; explicitFileType = "compiled.mach-o.executable"; includeInIndex = 0; path = orbisFSTool; sourceTree = BUILT_PRODUCTS_DIR; };
		8768A7792EF1D04B00795808 /* main.cpp */ = {isa = PBXFileReference; lastKnownFileType = sourcecode.cpp.cpp; path = main.cpp; sourceTree = "<group>"; };
		8768A77D2EF1D05B00795808 /* libgeneral.0.dylib */ = {isa = PBXFileReference; lastKnownFileType = "compiled.mach-o.dylib"; name = libgeneral.0.dylib; path = ../../../../usr/local/lib/libgeneral.0.dylib; sourceTree = "<group>"; };
		8768A7812EF1D17E00795808 /* OrbisFSImage.hpp */ = {isa = PBXFileReference; lastKnownFileType = sourcecode.cpp.h; path = OrbisFSImage.hpp; sourceTree = "<group>"; };
		8768A7822EF1D17E00795808 /* OrbisFSImage.cpp */ = {isa = PBXFileReference; lastKnownFileType = sourcecode.cpp.cpp; path = OrbisFSImage.cpp; sourceTree = "<group>"; };
		8768A7842EF1D63F00795808 /* OrbisFSFormat.h */ = {isa = PBXFileReference; lastKnownFileType = sourcecode.c.h; path = OrbisFSFormat.h; sourceTree = "<group>"; };
		8768A7852EF3160900795808 /* OrbisFSBlockAllocator.hpp */ = {isa = PBXFileReference; lastKnownFileType = sourcecode.cpp.h; path = OrbisFSBlockAllocator.hpp; sourceTree = "<group>"; };
		8768A7862EF3160900795808 /* OrbisFSBlockAllocator.cpp */ = {isa = PBXFileReference; lastKnownFileType = sourcecode.cpp.cpp; path = OrbisFSBlockAllocator.cpp; sourceTree = "<group>"; };
		8768A7882EF3216600795808 /* OrbisFSInodeDirectory.hpp */ = {isa = PBXFileReference; lastKnownFileType = sourcecode.cpp.h; path = OrbisFSInodeDirectory.hpp; sourceTree = "<group>"; };
		8768A7892EF3216600795808 /* OrbisFSInodeDirectory.cpp */ = {isa = PBXFileReference; lastKnownFileType = sourcecode.cpp.cpp; path = OrbisFSInodeDirectory.cpp; sourceTree = "<group>"; };
		8768A78B2EF3222300795808 /* utils.hpp */ = {isa = PBXFileReference; lastKnownFileType = sourcecode.cpp.h; path = utils.hpp; sourceTree = "<group>"; };
		8768A78C2EF3222300795808 /* utils.cpp */ = {isa = PBXFileReference; lastKnownFileType = sourcecode.cpp.cpp; path = utils.cpp; sourceTree = "<group>"; };
		8768A78E2EF3E9F400795808 /* OrbisFSException.hpp */ = {isa = PBXFileReference; lastKnownFileType = sourcecode.cpp.h; path = OrbisFSException.hpp; sourceTree = "<group>"; };
		8768A78F2EF3E9F400795808 /* OrbisFSException.cpp */ = {isa = PBXFileReference; lastKnownFileType = sourcecode.cpp.cpp; path = OrbisFSException.cpp; sourceTree = "<group>"; };
/* End PBXFileReference section */

/* Begin PBXFrameworksBuildPhase section */
		8768A76C2EF1D04400795808 /* Frameworks */ = {
			isa = PBXFrameworksBuildPhase;
			buildActionMask = 2147483647;
			files = (
				8768A77E2EF1D05B00795808 /* libgeneral.0.dylib in Frameworks */,
			);
			runOnlyForDeploymentPostprocessing = 0;
		};
/* End PBXFrameworksBuildPhase section */

/* Begin PBXGroup section */
		8768A7662EF1D04400795808 = {
			isa = PBXGroup;
			children = (
				8768A77A2EF1D04B00795808 /* orbisFSTool */,
				8768A77C2EF1D05B00795808 /* Frameworks */,
				8768A7702EF1D04400795808 /* Products */,
			);
			sourceTree = "<group>";
		};
		8768A7702EF1D04400795808 /* Products */ = {
			isa = PBXGroup;
			children = (
				8768A76F2EF1D04400795808 /* orbisFSTool */,
			);
			name = Products;
			sourceTree = "<group>";
		};
		8768A77A2EF1D04B00795808 /* orbisFSTool */ = {
			isa = PBXGroup;
			children = (
				8768A7842EF1D63F00795808 /* OrbisFSFormat.h */,
				8768A78E2EF3E9F400795808 /* OrbisFSException.hpp */,
				8768A78F2EF3E9F400795808 /* OrbisFSException.cpp */,
				8768A7852EF3160900795808 /* OrbisFSBlockAllocator.hpp */,
				8768A7862EF3160900795808 /* OrbisFSBlockAllocator.cpp */,
				8768A7882EF3216600795808 /* OrbisFSInodeDirectory.hpp */,
				8768A7892EF3216600795808 /* OrbisFSInodeDirectory.cpp */,
				8768A7812EF1D17E00795808 /* OrbisFSImage.hpp */,
				8768A7822EF1D17E00795808 /* OrbisFSImage.cpp */,
				8768A78B2EF3222300795808 /* utils.hpp */,
				8768A78C2EF3222300795808 /* utils.cpp */,
				8768A7792EF1D04B00795808 /* main.cpp */,
			);
			path = orbisFSTool;
			sourceTree = "<group>";
		};
		8768A77C2EF1D05B00795808 /* Frameworks */ = {
			isa = PBXGroup;
			children = (
				8768A77D2EF1D05B00795808 /* libgeneral.0.dylib */,
			);
			name = Frameworks;
			sourceTree = "<group>";
		};
/* End PBXGroup section */

/* Begin PBXNativeTarget section */
		8768A76E2EF1D04400795808 /* orbisFSTool */ = {
			isa = PBXNativeTarget;
			buildConfigurationList = 8768A7762EF1D04400795808 /* Build configuration list for PBXNativeTarget "orbisFSTool" */;
			buildPhases = (
				8768A76B2EF1D04400795808 /* Sources */,
				8768A76C2EF1D04400795808 /* Frameworks */,
				8768A76D2EF1D04400795808 /* CopyFiles */,
				8768A7802EF1D05B00795808 /* Embed Libraries */,
			);
			buildRules = (
			);
			dependencies = (
			);
			name = orbisFSTool;
			packageProductDependencies = (
			);
			productName = orbisFSTool;
			productReference = 8768A76F2EF1D04400795808 /* orbisFSTool */;
			productType = "com.apple.product-type.tool";
		};
/* End PBXNativeTarget section */

/* Begin PBXProject section */
		8768A7672EF1D04400795808 /* Project object */ = {
			isa = PBXProject;
			attributes = {
				BuildIndependentTargetsInParallel = 1;
				LastUpgradeCheck = 2620;
				TargetAttributes = {
					8768A76E2EF1D04400795808 = {
						CreatedOnToolsVersion = 26.2;
					};
				};
			};
			buildConfigurationList = 8768A76A2EF1D04400795808 /* Build configuration list for PBXProject "orbisFSTool" */;
			developmentRegion = en;
			hasScannedForEncodings = 0;
			knownRegions = (
				en,
				Base,
			);
			mainGroup = 8768A7662EF1D04400795808;
			minimizedProjectReferenceProxies = 1;
			preferredProjectObjectVersion = 77;
			productRefGroup = 8768A7702EF1D04400795808 /* Products */;
			projectDirPath = "";
			projectRoot = "";
			targets = (
				8768A76E2EF1D04400795808 /* orbisFSTool */,
			);
		};
/* End PBXProject section */

/* Begin PBXSourcesBuildPhase section */
		8768A76B2EF1D04400795808 /* Sources */ = {
			isa = PBXSourcesBuildPhase;
			buildActionMask = 2147483647;
			files = (
				8768A7832EF1D17E00795808 /* OrbisFSImage.cpp in Sources */,
				8768A78D2EF3222300795808 /* utils.cpp in Sources */,
				8768A7872EF3160900795808 /* OrbisFSBlockAllocator.cpp in Sources */,
				8768A78A2EF3216600795808 /* OrbisFSInodeDirectory.cpp in Sources */,
				8768A7902EF3E9F400795808 /* OrbisFSException.cpp in Sources */,
				8768A77B2EF1D04B00795808 /* main.cpp in Sources */,
			);
			runOnlyForDeploymentPostprocessing = 0;
		};
/* End PBXSourcesBuildPhase section */

/* Begin XCBuildConfiguration section */
		8768A7742EF1D04400795808 /* Debug */ = {
			isa = XCBuildConfiguration;
			buildSettings = {
				ALWAYS_SEARCH_USER_PATHS = NO;
				ASSETCATALOG_COMPILER_GENERATE_SWIFT_ASSET_SYMBOL_EXTENSIONS = YES;
				CLANG_ANALYZER_NONNULL = YES;
				CLANG_ANALYZER_NUMBER_OBJECT_CONVERSION = YES_AGGRESSIVE;
				CLANG_CXX_LANGUAGE_STANDARD = "gnu++20";
				CLANG_ENABLE_MODULES = YES;
				CLANG_ENABLE_OBJC_ARC = YES;
				CLANG_ENABLE_OBJC_WEAK = YES;
				CLANG_WARN_BLOCK_CAPTURE_AUTORELEASING = YES;
				CLANG_WARN_BOOL_CONVERSION = YES;
				CLANG_WARN_COMMA = YES;
				CLANG_WARN_CONSTANT_CONVERSION = YES;
				CLANG_WARN_DEPRECATED_OBJC_IMPLEMENTATIONS = YES;
				CLANG_WARN_DIRECT_OBJC_ISA_USAGE = YES_ERROR;
				CLANG_WARN_DOCUMENTATION_COMMENTS = YES;
				CLANG_WARN_EMPTY_BODY = YES;
				CLANG_WARN_ENUM_CONVERSION = YES;
				CLANG_WARN_INFINITE_RECURSION = YES;
				CLANG_WARN_INT_CONVERSION = YES;
				CLANG_WARN_NON_LITERAL_NULL_CONVERSION = YES;
				CLANG_WARN_OBJC_IMPLICIT_RETAIN_SELF = YES;
				CLANG_WARN_OBJC_LITERAL_CONVERSION = YES;
				CLANG_WARN_OBJC_ROOT_CLASS = YES_ERROR;
				CLANG_WARN_QUOTED_INCLUDE_IN_FRAMEWORK_HEADER = YES;
				CLANG_WARN_RANGE_LOOP_ANALYSIS = YES;
				CLANG_WARN_STRICT_PROTOTYPES = YES;
				CLANG_WARN_SUSPICIOUS_MOVE = YES;
				CLANG_WARN_UNGUARDED_AVAILABILITY = YES_AGGRESSIVE;
				CLANG_WARN_UNREACHABLE_CODE = YES;
				CLANG_WARN__DUPLICATE_METHOD_MATCH = YES;
				COPY_PHASE_STRIP = NO;
				DEBUG_INFORMATION_FORMAT = dwarf;
				ENABLE_STRICT_OBJC_MSGSEND = YES;
				ENABLE_TESTABILITY = YES;
				ENABLE_USER_SCRIPT_SANDBOXING = YES;
				GCC_C_LANGUAGE_STANDARD = gnu17;
				GCC_DYNAMIC_NO_PIC = NO;
				GCC_NO_COMMON_BLOCKS = YES;
				GCC_OPTIMIZATION_LEVEL = 0;
				GCC_PREPROCESSOR_DEFINITIONS = (
					"DEBUG=1",
					"$(inherited)",
				);
				GCC_WARN_64_TO_32_BIT_CONVERSION = YES;
				GCC_WARN_ABOUT_RETURN_TYPE = YES_ERROR;
				GCC_WARN_UNDECLARED_SELECTOR = YES;
				GCC_WARN_UNINITIALIZED_AUTOS = YES_AGGRESSIVE;
				GCC_WARN_UNUSED_FUNCTION = YES;
				GCC_WARN_UNUSED_VARIABLE = YES;
				LOCALIZATION_PREFERS_STRING_CATALOGS = YES;
				MACOSX_DEPLOYMENT_TARGET = 15.6;
				MTL_ENABLE_DEBUG_INFO = INCLUDE_SOURCE;
				MTL_FAST_MATH = YES;
				ONLY_ACTIVE_ARCH = YES;
				SDKROOT = macosx;
			};
			name = Debug;
		};
		8768A7752EF1D04400795808 /* Release */ = {
			isa = XCBuildConfiguration;
			buildSettings = {
				ALWAYS_SEARCH_USER_PATHS = NO;
				ASSETCATALOG_COMPILER_GENERATE_SWIFT_ASSET_SYMBOL_EXTENSIONS = YES;
				CLANG_ANALYZER_NONNULL = YES;
				CLANG_ANALYZER_NUMBER_OBJECT_CONVERSION = YES_AGGRESSIVE;
				CLANG_CXX_LANGUAGE_STANDARD = "gnu++20";
				CLANG_ENABLE_MODULES = YES;
				CLANG_ENABLE_OBJC_ARC = YES;
				CLANG_ENABLE_OBJC_WEAK = YES;
				CLANG_WARN_BLOCK_CAPTURE_AUTORELEASING = YES;
				CLANG_WARN_BOOL_CONVERSION = YES;
				CLANG_WARN_COMMA = YES;
				CLANG_WARN_CONSTANT_CONVERSION = YES;
				CLANG_WARN_DEPRECATED_OBJC_IMPLEMENTATIONS = YES;
				CLANG_WARN_DIRECT_OBJC_ISA_USAGE = YES_ERROR;
				CLANG_WARN_DOCUMENTATION_COMMENTS = YES;
				CLANG_WARN_EMPTY_BODY = YES;
				CLANG_WARN_ENUM_CONVERSION = YES;
				CLANG_WARN_INFINITE_RECURSION = YES;
				CLANG_WARN_INT_CONVERSION = YES;
				CLANG_WARN_NON_LITERAL_NULL_CONVERSION = YES;
				CLANG_WARN_OBJC_IMPLICIT_RETAIN_SELF = YES;
				CLANG_WARN_OBJC_LITERAL_CONVERSION = YES;
				CLANG_WARN_OBJC_ROOT_CLASS = YES_ERROR;
				CLANG_WARN_QUOTED_INCLUDE_IN_FRAMEWORK_HEADER = YES;
				CLANG_WARN_RANGE_LOOP_ANALYSIS = YES;
				CLANG_WARN_STRICT_PROTOTYPES = YES;
				CLANG_WARN_SUSPICIOUS_MOVE = YES;
				CLANG_WARN_UNGUARDED_AVAILABILITY = YES_AGGRESSIVE;
				CLANG_WARN_UNREACHABLE_CODE = YES;
				CLANG_WARN__DUPLICATE_METHOD_MATCH = YES;
				COPY_PHASE_STRIP = NO;
				DEBUG_INFORMATION_FORMAT = "dwarf-with-dsym";
				ENABLE_NS_ASSERTIONS = NO;
				ENABLE_STRICT_OBJC_MSGSEND = YES;
				ENABLE_USER_SCRIPT_SANDBOXING = YES;
				GCC_C_LANGUAGE_STANDARD = gnu17;
				GCC_NO_COMMON_BLOCKS = YES;
				GCC_WARN_64_TO_32_BIT_CONVERSION = YES;
				GCC_WARN_ABOUT_RETURN_TYPE = YES_ERROR;
				GCC_WARN_UNDECLARED_SELECTOR = YES;
				GCC_WARN_UNINITIALIZED_AUTOS = YES_AGGRESSIVE;
				GCC_WARN_UNUSED_FUNCTION = YES;
				GCC_WARN_UNUSED_VARIABLE = YES;
				LOCALIZATION_PREFERS_STRING_CATALOGS = YES;
				MACOSX_DEPLOYMENT_TARGET = 15.6;
				MTL_ENABLE_DEBUG_INFO = NO;
				MTL_FAST_MATH = YES;
				SDKROOT = macosx;
			};
			name = Release;
		};
		8768A7772EF1D04400795808 /* Debug */ = {
			isa = XCBuildConfiguration;
			buildSettings = {
				CODE_SIGN_STYLE = Automatic;
				GCC_PREPROCESSOR_DEFINITIONS = (
					"DEBUG=1",
					"$(inherited)",
					XCODE,
					HAVE_SYS_DISK_H,
				);
				HEADER_SEARCH_PATHS = /usr/local/include;
				LIBRARY_SEARCH_PATHS = /usr/local/lib;
				PRODUCT_NAME = "$(TARGET_NAME)";
			};
			name = Debug;
		};
		8768A7782EF1D04400795808 /* Release */ = {
			isa = XCBuildConfiguration;
			buildSettings = {
				CODE_SIGN_STYLE = Automatic;
				HEADER_SEARCH_PATHS = /usr/local/include;
				LIBRARY_SEARCH_PATHS = /usr/local/lib;
				PRODUCT_NAME = "$(TARGET_NAME)";
			};
			name = Release;
		};
/* End XCBuildConfiguration section */

/* Begin XCConfigurationList section */
		8768A76A2EF1D04400795808 /* Build configuration list for PBXProject "orbisFSTool" */ = {
			isa = XCConfigurationList;
			buildConfigurations = (
				8768A7742EF1D04400795808 /* Debug */,
				8768A7752EF1D04400795808 /* Release */,
			);
			defaultConfigurationIsVisible = 0;
			defaultConfigurationName = Release;
		};
		8768A7762EF1D04400795808 /* Build configuration list for PBXNativeTarget "orbisFSTool" */ = {
			isa = XCConfigurationList;
			buildConfigurations = (
				8768A7772EF1D04400795808 /* Debug */,
				8768A7782EF1D04400795808 /* Release */,
			);
			defaultConfigurationIsVisible = 0;
			defaultConfigurationName = Release;
		};
/* End XCConfigurationList section */
	};
	rootObject = 8768A7672EF1D04400795808 /* Project object */;
}
